{
  "nodes": {
    "flake-compat": {
      "flake": false,
      "locked": {
        "lastModified": 1767039857,
        "narHash": "sha256-vNpUSpF5Nuw8xvDLj2KCwwksIbjua2LZCqhV1LNRDns=",
        "owner": "edolstra",
        "repo": "flake-compat",
        "rev": "5edf11c44bc78a0d334f6334cdaf7d60d732daab",
        "type": "github"
      },
      "original": {
        "owner": "edolstra",
        "repo": "flake-compat",
        "type": "github"
      }
    },
    "home-manager": {
      "inputs": {
        "nixpkgs": [
          "nixpkgs"
        ]
      },
      "locked": {
        "lastModified": 1772633327,
        "narHash": "sha256-jl+DJB2DUx7EbWLRng+6HNWW/1/VQOnf0NsQB4PlA7I=",
        "owner": "nix-community",
        "repo": "home-manager",
        "rev": "5a75730e6f21ee624cbf86f4915c6e7489c74acc",
        "type": "github"
      },
      "original": {
        "owner": "nix-community",
        "repo": "home-manager",
        "type": "github"
      }
    },
    "nixos-wsl": {
      "inputs": {
        "flake-compat": "flake-compat",
        "nixpkgs": [
          "nixpkgs"
        ]
      },
      "locked": {
        "lastModified": 1772386632,
        "narHash": "sha256-sm6OpWZuoDwR53KNlsY482YOoHFWlWYwt0wHmqLkRGE=",
        "owner": "nix-community",
        "repo": "NixOS-WSL",
        "rev": "be894604b2aa2184c0b3d3b44995acd0da14dc0c",
        "type": "github"
      },
      "original": {
        "owner": "nix-community",
        "repo": "NixOS-WSL",
        "type": "github"
      }
    },
    "nixpkgs": {
      "locked": {
        "lastModified": 1772624091,
        "narHash": "sha256-QKyJ0QGWBn6r0invrMAK8dmJoBYWoOWy7lN+UHzW1jc=",
        "owner": "nixos",
        "repo": "nixpkgs",
        "rev": "80bdc1e5ce51f56b19791b52b2901187931f5353",
        "type": "github"
      },
      "original": {
        "owner": "nixos",
        "ref": "nixos-unstable",
        "repo": "nixpkgs",
        "type": "github"
      }
    },
    "nixpkgs_2": {
      "locked": {
        "lastModified": 1772091128,
        "narHash": "sha256-TnrYykX8Mf/Ugtkix6V+PjW7miU2yClA6uqWl/v6KWM=",
        "owner": "NixOS",
        "repo": "nixpkgs",
        "rev": "3f0336406035444b4a24b942788334af5f906259",
        "type": "github"
      },
      "original": {
        "owner": "NixOS",
        "ref": "nixpkgs-unstable",
        "repo": "nixpkgs",
        "type": "github"
      }
    },
    "opencode": {
      "inputs": {
        "nixpkgs": "nixpkgs_2"
      },
      "locked": {
        "lastModified": 1772782174,
        "narHash": "sha256-FBmF7/uwZYY/qY1252Hz+XhXdE+Qp5axySAy5Jw7XUQ=",
        "owner": "anomalyco",
        "repo": "opencode",
        "rev": "6c7d968c4423a0cd6c85099c9377a6066313fa0a",
        "type": "github"
      },
      "original": {
        "owner": "anomalyco",
        "ref": "v1.2.20",
        "repo": "opencode",
        "type": "github"
      }
    },
    "opencode-config": {
      "flake": false,
      "locked": {
        "lastModified": 1772607325,
        "narHash": "sha256-Wv2bMrDjXsf72QSJOkKfq6Z0RlaGI78Hzhzz2C2KaH0=",
        "owner": "Chikage0o0",
        "repo": "opencode",
        "rev": "15d56134574a9b827689c6b721372d8ffeaebc42",
        "type": "github"
      },
      "original": {
        "owner": "Chikage0o0",
        "repo": "opencode",
        "type": "github"
      }
    },
    "root": {
      "inputs": {
        "home-manager": "home-manager",
        "nixos-wsl": "nixos-wsl",
        "nixpkgs": "nixpkgs",
        "opencode": "opencode",
        "opencode-config": "opencode-config"
      }
    }
  },
  "root": "root",
  "version": 7
}
